Microsoft Visual Studio Solution File, Format Version 12.00
# Visual Studio 2013
VisualStudioVersion = 12.0.31101.0
MinimumVisualStudioVersion = 10.0.40219.1
Project("{2150E333-8FDC-42A3-9474-1A3956D46DE8}") = ".paket", ".paket", "{63297B98-5CED-492C-A5B7-A5B4F73CF142}"
	ProjectSection(SolutionItems) = preProject
		paket.dependencies = paket.dependencies
	EndProjectSection
EndProject
Project("{F2A71F9B-5D33-465A-A702-920D77279786}") = "FSharp.Data.Tdms.Runtime", "src\FSharp.Data.Tdms.Runtime\FSharp.Data.Tdms.Runtime.fsproj", "{D6D97ED0-A214-4484-9FB4-1F3E31B56233}"
EndProject
Project("{F2A71F9B-5D33-465A-A702-920D77279786}") = "FSharp.Data.Tdms.DesignTime", "src\FSharp.Data.Tdms.DesignTime\FSharp.Data.Tdms.DesignTime.fsproj", "{C6834CB3-4970-42EE-81AB-7EE2B7847953}"
EndProject
Global
	GlobalSection(SolutionConfigurationPlatforms) = preSolution
		Debug|Any CPU = Debug|Any CPU
		Release|Any CPU = Release|Any CPU
	EndGlobalSection
	GlobalSection(ProjectConfigurationPlatforms) = postSolution
		{D6D97ED0-A214-4484-9FB4-1F3E31B56233}.Debug|Any CPU.ActiveCfg = Debug|Any CPU
		{D6D97ED0-A214-4484-9FB4-1F3E31B56233}.Debug|Any CPU.Build.0 = Debug|Any CPU
		{D6D97ED0-A214-4484-9FB4-1F3E31B56233}.Release|Any CPU.ActiveCfg = Release|Any CPU
		{D6D97ED0-A214-4484-9FB4-1F3E31B56233}.Release|Any CPU.Build.0 = Release|Any CPU
		{C6834CB3-4970-42EE-81AB-7EE2B7847953}.Debug|Any CPU.ActiveCfg = Debug|Any CPU
		{C6834CB3-4970-42EE-81AB-7EE2B7847953}.Debug|Any CPU.Build.0 = Debug|Any CPU
		{C6834CB3-4970-42EE-81AB-7EE2B7847953}.Release|Any CPU.ActiveCfg = Release|Any CPU
		{C6834CB3-4970-42EE-81AB-7EE2B7847953}.Release|Any CPU.Build.0 = Release|Any CPU
	EndGlobalSection
	GlobalSection(SolutionProperties) = preSolution
		HideSolutionNode = FALSE
	EndGlobalSection
	GlobalSection(NestedProjects) = preSolution
	EndGlobalSection
EndGlobal
